
Microsoft Visual Studio Solution File, Format Version 12.00
# Visual Studio Version 17
VisualStudioVersion = 17.4.33213.308
MinimumVisualStudioVersion = 10.0.40219.1
Project("{FAE04EC0-301F-11D3-BF4B-00C04F79EFBC}") = "RGMSystemWinForm", "RGMSystemWinForm.csproj", "{316AB535-BFC0-4E79-A75D-12ADC5D983CE}"
EndProject
Global
	GlobalSection(SolutionConfigurationPlatforms) = preSolution
		Debug|Any CPU = Debug|Any CPU
		Release|Any CPU = Release|Any CPU
	EndGlobalSection
	GlobalSection(ProjectConfigurationPlatforms) = postSolution
		{316AB535-BFC0-4E79-A75D-12ADC5D983CE}.Debug|Any CPU.ActiveCfg = Debug|Any CPU
		{316AB535-BFC0-4E79-A75D-12ADC5D983CE}.Debug|Any CPU.Build.0 = Debug|Any CPU
		{316AB535-BFC0-4E79-A75D-12ADC5D983CE}.Release|Any CPU.ActiveCfg = Release|Any CPU
		{316AB535-BFC0-4E79-A75D-12ADC5D983CE}.Release|Any CPU.Build.0 = Release|Any CPU
	EndGlobalSection
	GlobalSection(SolutionProperties) = preSolution
		HideSolutionNode = FALSE
	EndGlobalSection
	GlobalSection(ExtensibilityGlobals) = postSolution
		SolutionGuid = {FF3ECEA3-DE23-4151-87D5-041565841D4A}
	EndGlobalSection
EndGlobal
